{
  "version": 4,
  "terraform_version": "1.1.7",
  "serial": 8,
  "lineage": "ef68fbd3-d220-3f12-1b0f-2c290bc27691",
  "outputs": {},
  "resources": [
    {
      "mode": "managed",
      "type": "google_compute_firewall",
      "name": "vulnerable-firewall",
      "provider": "provider[\"registry.terraform.io/hashicorp/google\"]",
      "instances": [
        {
          "schema_version": 1,
          "attributes": {
            "allow": [
              {
                "ports": [
                  "80",
                  "443"
                ],
                "protocol": "tcp"
              }
            ],
            "creation_timestamp": "2023-12-06T06:28:12.058-08:00",
            "deny": [],
            "description": "",
            "destination_ranges": [],
            "direction": "INGRESS",
            "disabled": false,
            "enable_logging": null,
            "id": "projects/lab-01-396307/global/firewalls/allow-http-https",
            "log_config": [],
            "name": "allow-http-https",
            "network": "https://www.googleapis.com/compute/v1/projects/lab-01-396307/global/networks/lab-01-vpc",
            "priority": 1000,
            "project": "lab-01-396307",
            "self_link": "https://www.googleapis.com/compute/v1/projects/lab-01-396307/global/firewalls/allow-http-https",
            "source_ranges": [
              "0.0.0.0/0"
            ],
            "source_service_accounts": null,
            "source_tags": null,
            "target_service_accounts": null,
            "target_tags": null,
            "timeouts": null
          },
          "sensitive_attributes": [],
          "private": "eyJlMmJmYjczMC1lY2FhLTExZTYtOGY4OC0zNDM2M2JjN2M0YzAiOnsiY3JlYXRlIjoxMjAwMDAwMDAwMDAwLCJkZWxldGUiOjEyMDAwMDAwMDAwMDAsInVwZGF0ZSI6MTIwMDAwMDAwMDAwMH0sInNjaGVtYV92ZXJzaW9uIjoiMSJ9"
        }
      ]
    }
  ]
}
